<Solution>
  <Project Path="CommitMessageGenerator/CommitMessageGenerator.csproj" Id="f7a6879e-d40d-49d6-b65f-5b91d734be97" />
  <Project Path="SearchFileSystemWithNaturalLanguage/SearchFileSystemWithNaturalLanguage.csproj" Id="cd95b90c-5cba-4867-80fc-a5c4834bdbbb" />
  <Project Path="SQLToObject/SQLToObject.csproj" />
</Solution>
